// !$*UTF8*$!
{
	archiveVersion = 1;
	classes = {
	};
	objectVersion = 50;
	objects = {

/* Begin PBXBuildFile section */
		7ACE371427C5A611006623B3 /* restaurantClass.swift in Sources */ = {isa = PBXBuildFile; fileRef = 7ACE371327C5A611006623B3 /* restaurantClass.swift */; };
		7ACE371627C5AB3E006623B3 /* restaurantObjects.swift in Sources */ = {isa = PBXBuildFile; fileRef = 7ACE371527C5AB3E006623B3 /* restaurantObjects.swift */; };
		7AE6E56827C5586200438EB3 /* AppDelegate.swift in Sources */ = {isa = PBXBuildFile; fileRef = 7AE6E56727C5586200438EB3 /* AppDelegate.swift */; };
		7AE6E56A27C5586200438EB3 /* SceneDelegate.swift in Sources */ = {isa = PBXBuildFile; fileRef = 7AE6E56927C5586200438EB3 /* SceneDelegate.swift */; };
		7AE6E56C27C5586200438EB3 /* ViewController.swift in Sources */ = {isa = PBXBuildFile; fileRef = 7AE6E56B27C5586200438EB3 /* ViewController.swift */; };
		7AE6E56F27C5586200438EB3 /* Main.storyboard in Resources */ = {isa = PBXBuildFile; fileRef = 7AE6E56D27C5586200438EB3 /* Main.storyboard */; };
		7AE6E57127C5586400438EB3 /* Assets.xcassets in Resources */ = {isa = PBXBuildFile; fileRef = 7AE6E57027C5586400438EB3 /* Assets.xcassets */; };
		7AE6E57427C5586400438EB3 /* LaunchScreen.storyboard in Resources */ = {isa = PBXBuildFile; fileRef = 7AE6E57227C5586400438EB3 /* LaunchScreen.storyboard */; };
		7AE6E57F27C5586500438EB3 /* TuffyFoodTests.swift in Sources */ = {isa = PBXBuildFile; fileRef = 7AE6E57E27C5586500438EB3 /* TuffyFoodTests.swift */; };
		7AE6E58A27C5586500438EB3 /* TuffyFoodUITests.swift in Sources */ = {isa = PBXBuildFile; fileRef = 7AE6E58927C5586500438EB3 /* TuffyFoodUITests.swift */; };
/* End PBXBuildFile section */

/* Begin PBXContainerItemProxy section */
		7AE6E57B27C5586500438EB3 /* PBXContainerItemProxy */ = {
			isa = PBXContainerItemProxy;
			containerPortal = 7AE6E55C27C5586200438EB3 /* Project object */;
			proxyType = 1;
			remoteGlobalIDString = 7AE6E56327C5586200438EB3;
			remoteInfo = TuffyFood;
		};
		7AE6E58627C5586500438EB3 /* PBXContainerItemProxy */ = {
			isa = PBXContainerItemProxy;
			containerPortal = 7AE6E55C27C5586200438EB3 /* Project object */;
			proxyType = 1;
			remoteGlobalIDString = 7AE6E56327C5586200438EB3;
			remoteInfo = TuffyFood;
		};
/* End PBXContainerItemProxy section */

/* Begin PBXFileReference section */
		7ACE371327C5A611006623B3 /* restaurantClass.swift */ = {isa = PBXFileReference; lastKnownFileType = sourcecode.swift; path = restaurantClass.swift; sourceTree = "<group>"; };
		7ACE371527C5AB3E006623B3 /* restaurantObjects.swift */ = {isa = PBXFileReference; lastKnownFileType = sourcecode.swift; path = restaurantObjects.swift; sourceTree = "<group>"; };
		7AE6E56427C5586200438EB3 /* TuffyFood.app */ = {isa = PBXFileReference; explicitFileType = wrapper.application; includeInIndex = 0; path = TuffyFood.app; sourceTree = BUILT_PRODUCTS_DIR; };
		7AE6E56727C5586200438EB3 /* AppDelegate.swift */ = {isa = PBXFileReference; lastKnownFileType = sourcecode.swift; path = AppDelegate.swift; sourceTree = "<group>"; };
		7AE6E56927C5586200438EB3 /* SceneDelegate.swift */ = {isa = PBXFileReference; lastKnownFileType = sourcecode.swift; path = SceneDelegate.swift; sourceTree = "<group>"; };
		7AE6E56B27C5586200438EB3 /* ViewController.swift */ = {isa = PBXFileReference; lastKnownFileType = sourcecode.swift; path = ViewController.swift; sourceTree = "<group>"; };
		7AE6E56E27C5586200438EB3 /* Base */ = {isa = PBXFileReference; lastKnownFileType = file.storyboard; name = Base; path = Base.lproj/Main.storyboard; sourceTree = "<group>"; };
		7AE6E57027C5586400438EB3 /* Assets.xcassets */ = {isa = PBXFileReference; lastKnownFileType = folder.assetcatalog; path = Assets.xcassets; sourceTree = "<group>"; };
		7AE6E57327C5586400438EB3 /* Base */ = {isa = PBXFileReference; lastKnownFileType = file.storyboard; name = Base; path = Base.lproj/LaunchScreen.storyboard; sourceTree = "<group>"; };
		7AE6E57527C5586400438EB3 /* Info.plist */ = {isa = PBXFileReference; lastKnownFileType = text.plist.xml; path = Info.plist; sourceTree = "<group>"; };
		7AE6E57A27C5586500438EB3 /* TuffyFoodTests.xctest */ = {isa = PBXFileReference; explicitFileType = wrapper.cfbundle; includeInIndex = 0; path = TuffyFoodTests.xctest; sourceTree = BUILT_PRODUCTS_DIR; };
		7AE6E57E27C5586500438EB3 /* TuffyFoodTests.swift */ = {isa = PBXFileReference; lastKnownFileType = sourcecode.swift; path = TuffyFoodTests.swift; sourceTree = "<group>"; };
		7AE6E58027C5586500438EB3 /* Info.plist */ = {isa = PBXFileReference; lastKnownFileType = text.plist.xml; path = Info.plist; sourceTree = "<group>"; };
		7AE6E58527C5586500438EB3 /* TuffyFoodUITests.xctest */ = {isa = PBXFileReference; explicitFileType = wrapper.cfbundle; includeInIndex = 0; path = TuffyFoodUITests.xctest; sourceTree = BUILT_PRODUCTS_DIR; };
		7AE6E58927C5586500438EB3 /* TuffyFoodUITests.swift */ = {isa = PBXFileReference; lastKnownFileType = sourcecode.swift; path = TuffyFoodUITests.swift; sourceTree = "<group>"; };
		7AE6E58B27C5586500438EB3 /* Info.plist */ = {isa = PBXFileReference; lastKnownFileType = text.plist.xml; path = Info.plist; sourceTree = "<group>"; };
/* End PBXFileReference section */

/* Begin PBXFrameworksBuildPhase section */
		7AE6E56127C5586200438EB3 /* Frameworks */ = {
			isa = PBXFrameworksBuildPhase;
			buildActionMask = 2147483647;
			files = (
			);
			runOnlyForDeploymentPostprocessing = 0;
		};
		7AE6E57727C5586500438EB3 /* Frameworks */ = {
			isa = PBXFrameworksBuildPhase;
			buildActionMask = 2147483647;
			files = (
			);
			runOnlyForDeploymentPostprocessing = 0;
		};
		7AE6E58227C5586500438EB3 /* Frameworks */ = {
			isa = PBXFrameworksBuildPhase;
			buildActionMask = 2147483647;
			files = (
			);
			runOnlyForDeploymentPostprocessing = 0;
		};
/* End PBXFrameworksBuildPhase section */

/* Begin PBXGroup section */
		7AE6E55B27C5586200438EB3 = {
			isa = PBXGroup;
			children = (
				7AE6E56627C5586200438EB3 /* TuffyFood */,
				7AE6E57D27C5586500438EB3 /* TuffyFoodTests */,
				7AE6E58827C5586500438EB3 /* TuffyFoodUITests */,
				7AE6E56527C5586200438EB3 /* Products */,
			);
			sourceTree = "<group>";
		};
		7AE6E56527C5586200438EB3 /* Products */ = {
			isa = PBXGroup;
			children = (
				7AE6E56427C5586200438EB3 /* TuffyFood.app */,
				7AE6E57A27C5586500438EB3 /* TuffyFoodTests.xctest */,
				7AE6E58527C5586500438EB3 /* TuffyFoodUITests.xctest */,
			);
			name = Products;
			sourceTree = "<group>";
		};
		7AE6E56627C5586200438EB3 /* TuffyFood */ = {
			isa = PBXGroup;
			children = (
				7AE6E56727C5586200438EB3 /* AppDelegate.swift */,
				7AE6E56927C5586200438EB3 /* SceneDelegate.swift */,
				7AE6E56B27C5586200438EB3 /* ViewController.swift */,
				7AE6E56D27C5586200438EB3 /* Main.storyboard */,
				7AE6E57027C5586400438EB3 /* Assets.xcassets */,
				7AE6E57227C5586400438EB3 /* LaunchScreen.storyboard */,
				7AE6E57527C5586400438EB3 /* Info.plist */,
				7ACE371327C5A611006623B3 /* restaurantClass.swift */,
				7ACE371527C5AB3E006623B3 /* restaurantObjects.swift */,
			);
			path = TuffyFood;
			sourceTree = "<group>";
		};
		7AE6E57D27C5586500438EB3 /* TuffyFoodTests */ = {
			isa = PBXGroup;
			children = (
				7AE6E57E27C5586500438EB3 /* TuffyFoodTests.swift */,
				7AE6E58027C5586500438EB3 /* Info.plist */,
			);
			path = TuffyFoodTests;
			sourceTree = "<group>";
		};
		7AE6E58827C5586500438EB3 /* TuffyFoodUITests */ = {
			isa = PBXGroup;
			children = (
				7AE6E58927C5586500438EB3 /* TuffyFoodUITests.swift */,
				7AE6E58B27C5586500438EB3 /* Info.plist */,
			);
			path = TuffyFoodUITests;
			sourceTree = "<group>";
		};
/* End PBXGroup section */

/* Begin PBXNativeTarget section */
		7AE6E56327C5586200438EB3 /* TuffyFood */ = {
			isa = PBXNativeTarget;
			buildConfigurationList = 7AE6E58E27C5586500438EB3 /* Build configuration list for PBXNativeTarget "TuffyFood" */;
			buildPhases = (
				7AE6E56027C5586200438EB3 /* Sources */,
				7AE6E56127C5586200438EB3 /* Frameworks */,
				7AE6E56227C5586200438EB3 /* Resources */,
			);
			buildRules = (
			);
			dependencies = (
			);
			name = TuffyFood;
			productName = TuffyFood;
			productReference = 7AE6E56427C5586200438EB3 /* TuffyFood.app */;
			productType = "com.apple.product-type.application";
		};
		7AE6E57927C5586500438EB3 /* TuffyFoodTests */ = {
			isa = PBXNativeTarget;
			buildConfigurationList = 7AE6E59127C5586500438EB3 /* Build configuration list for PBXNativeTarget "TuffyFoodTests" */;
			buildPhases = (
				7AE6E57627C5586500438EB3 /* Sources */,
				7AE6E57727C5586500438EB3 /* Frameworks */,
				7AE6E57827C5586500438EB3 /* Resources */,
			);
			buildRules = (
			);
			dependencies = (
				7AE6E57C27C5586500438EB3 /* PBXTargetDependency */,
			);
			name = TuffyFoodTests;
			productName = TuffyFoodTests;
			productReference = 7AE6E57A27C5586500438EB3 /* TuffyFoodTests.xctest */;
			productType = "com.apple.product-type.bundle.unit-test";
		};
		7AE6E58427C5586500438EB3 /* TuffyFoodUITests */ = {
			isa = PBXNativeTarget;
			buildConfigurationList = 7AE6E59427C5586500438EB3 /* Build configuration list for PBXNativeTarget "TuffyFoodUITests" */;
			buildPhases = (
				7AE6E58127C5586500438EB3 /* Sources */,
				7AE6E58227C5586500438EB3 /* Frameworks */,
				7AE6E58327C5586500438EB3 /* Resources */,
			);
			buildRules = (
			);
			dependencies = (
				7AE6E58727C5586500438EB3 /* PBXTargetDependency */,
			);
			name = TuffyFoodUITests;
			productName = TuffyFoodUITests;
			productReference = 7AE6E58527C5586500438EB3 /* TuffyFoodUITests.xctest */;
			productType = "com.apple.product-type.bundle.ui-testing";
		};
/* End PBXNativeTarget section */

/* Begin PBXProject section */
		7AE6E55C27C5586200438EB3 /* Project object */ = {
			isa = PBXProject;
			attributes = {
				LastSwiftUpdateCheck = 1250;
				LastUpgradeCheck = 1250;
				TargetAttributes = {
					7AE6E56327C5586200438EB3 = {
						CreatedOnToolsVersion = 12.5;
					};
					7AE6E57927C5586500438EB3 = {
						CreatedOnToolsVersion = 12.5;
						TestTargetID = 7AE6E56327C5586200438EB3;
					};
					7AE6E58427C5586500438EB3 = {
						CreatedOnToolsVersion = 12.5;
						TestTargetID = 7AE6E56327C5586200438EB3;
					};
				};
			};
			buildConfigurationList = 7AE6E55F27C5586200438EB3 /* Build configuration list for PBXProject "TuffyFood" */;
			compatibilityVersion = "Xcode 9.3";
			developmentRegion = en;
			hasScannedForEncodings = 0;
			knownRegions = (
				en,
				Base,
			);
			mainGroup = 7AE6E55B27C5586200438EB3;
			productRefGroup = 7AE6E56527C5586200438EB3 /* Products */;
			projectDirPath = "";
			projectRoot = "";
			targets = (
				7AE6E56327C5586200438EB3 /* TuffyFood */,
				7AE6E57927C5586500438EB3 /* TuffyFoodTests */,
				7AE6E58427C5586500438EB3 /* TuffyFoodUITests */,
			);
		};
/* End PBXProject section */

/* Begin PBXResourcesBuildPhase section */
		7AE6E56227C5586200438EB3 /* Resources */ = {
			isa = PBXResourcesBuildPhase;
			buildActionMask = 2147483647;
			files = (
				7AE6E57427C5586400438EB3 /* LaunchScreen.storyboard in Resources */,
				7AE6E57127C5586400438EB3 /* Assets.xcassets in Resources */,
				7AE6E56F27C5586200438EB3 /* Main.storyboard in Resources */,
			);
			runOnlyForDeploymentPostprocessing = 0;
		};
		7AE6E57827C5586500438EB3 /* Resources */ = {
			isa = PBXResourcesBuildPhase;
			buildActionMask = 2147483647;
			files = (
			);
			runOnlyForDeploymentPostprocessing = 0;
		};
		7AE6E58327C5586500438EB3 /* Resources */ = {
			isa = PBXResourcesBuildPhase;
			buildActionMask = 2147483647;
			files = (
			);
			runOnlyForDeploymentPostprocessing = 0;
		};
/* End PBXResourcesBuildPhase section */

/* Begin PBXSourcesBuildPhase section */
		7AE6E56027C5586200438EB3 /* Sources */ = {
			isa = PBXSourcesBuildPhase;
			buildActionMask = 2147483647;
			files = (
				7AE6E56C27C5586200438EB3 /* ViewController.swift in Sources */,
				7AE6E56827C5586200438EB3 /* AppDelegate.swift in Sources */,
				7AE6E56A27C5586200438EB3 /* SceneDelegate.swift in Sources */,
				7ACE371427C5A611006623B3 /* restaurantClass.swift in Sources */,
				7ACE371627C5AB3E006623B3 /* restaurantObjects.swift in Sources */,
			);
			runOnlyForDeploymentPostprocessing = 0;
		};
		7AE6E57627C5586500438EB3 /* Sources */ = {
			isa = PBXSourcesBuildPhase;
			buildActionMask = 2147483647;
			files = (
				7AE6E57F27C5586500438EB3 /* TuffyFoodTests.swift in Sources */,
			);
			runOnlyForDeploymentPostprocessing = 0;
		};
		7AE6E58127C5586500438EB3 /* Sources */ = {
			isa = PBXSourcesBuildPhase;
			buildActionMask = 2147483647;
			files = (
				7AE6E58A27C5586500438EB3 /* TuffyFoodUITests.swift in Sources */,
			);
			runOnlyForDeploymentPostprocessing = 0;
		};
/* End PBXSourcesBuildPhase section */

/* Begin PBXTargetDependency section */
		7AE6E57C27C5586500438EB3 /* PBXTargetDependency */ = {
			isa = PBXTargetDependency;
			target = 7AE6E56327C5586200438EB3 /* TuffyFood */;
			targetProxy = 7AE6E57B27C5586500438EB3 /* PBXContainerItemProxy */;
		};
		7AE6E58727C5586500438EB3 /* PBXTargetDependency */ = {
			isa = PBXTargetDependency;
			target = 7AE6E56327C5586200438EB3 /* TuffyFood */;
			targetProxy = 7AE6E58627C5586500438EB3 /* PBXContainerItemProxy */;
		};
/* End PBXTargetDependency section */

/* Begin PBXVariantGroup section */
		7AE6E56D27C5586200438EB3 /* Main.storyboard */ = {
			isa = PBXVariantGroup;
			children = (
				7AE6E56E27C5586200438EB3 /* Base */,
			);
			name = Main.storyboard;
			sourceTree = "<group>";
		};
		7AE6E57227C5586400438EB3 /* LaunchScreen.storyboard */ = {
			isa = PBXVariantGroup;
			children = (
				7AE6E57327C5586400438EB3 /* Base */,
			);
			name = LaunchScreen.storyboard;
			sourceTree = "<group>";
		};
/* End PBXVariantGroup section */

/* Begin XCBuildConfiguration section */
		7AE6E58C27C5586500438EB3 /* Debug */ = {
			isa = XCBuildConfiguration;
			buildSettings = {
				ALWAYS_SEARCH_USER_PATHS = NO;
				CLANG_ANALYZER_NONNULL = YES;
				CLANG_ANALYZER_NUMBER_OBJECT_CONVERSION = YES_AGGRESSIVE;
				CLANG_CXX_LANGUAGE_STANDARD = "gnu++14";
				CLANG_CXX_LIBRARY = "libc++";
				CLANG_ENABLE_MODULES = YES;
				CLANG_ENABLE_OBJC_ARC = YES;
				CLANG_ENABLE_OBJC_WEAK = YES;
				CLANG_WARN_BLOCK_CAPTURE_AUTORELEASING = YES;
				CLANG_WARN_BOOL_CONVERSION = YES;
				CLANG_WARN_COMMA = YES;
				CLANG_WARN_CONSTANT_CONVERSION = YES;
				CLANG_WARN_DEPRECATED_OBJC_IMPLEMENTATIONS = YES;
				CLANG_WARN_DIRECT_OBJC_ISA_USAGE = YES_ERROR;
				CLANG_WARN_DOCUMENTATION_COMMENTS = YES;
				CLANG_WARN_EMPTY_BODY = YES;
				CLANG_WARN_ENUM_CONVERSION = YES;
				CLANG_WARN_INFINITE_RECURSION = YES;
				CLANG_WARN_INT_CONVERSION = YES;
				CLANG_WARN_NON_LITERAL_NULL_CONVERSION = YES;
				CLANG_WARN_OBJC_IMPLICIT_RETAIN_SELF = YES;
				CLANG_WARN_OBJC_LITERAL_CONVERSION = YES;
				CLANG_WARN_OBJC_ROOT_CLASS = YES_ERROR;
				CLANG_WARN_QUOTED_INCLUDE_IN_FRAMEWORK_HEADER = YES;
				CLANG_WARN_RANGE_LOOP_ANALYSIS = YES;
				CLANG_WARN_STRICT_PROTOTYPES = YES;
				CLANG_WARN_SUSPICIOUS_MOVE = YES;
				CLANG_WARN_UNGUARDED_AVAILABILITY = YES_AGGRESSIVE;
				CLANG_WARN_UNREACHABLE_CODE = YES;
				CLANG_WARN__DUPLICATE_METHOD_MATCH = YES;
				COPY_PHASE_STRIP = NO;
				DEBUG_INFORMATION_FORMAT = dwarf;
				ENABLE_STRICT_OBJC_MSGSEND = YES;
				ENABLE_TESTABILITY = YES;
				GCC_C_LANGUAGE_STANDARD = gnu11;
				GCC_DYNAMIC_NO_PIC = NO;
				GCC_NO_COMMON_BLOCKS = YES;
				GCC_OPTIMIZATION_LEVEL = 0;
				GCC_PREPROCESSOR_DEFINITIONS = (
					"DEBUG=1",
					"$(inherited)",
				);
				GCC_WARN_64_TO_32_BIT_CONVERSION = YES;
				GCC_WARN_ABOUT_RETURN_TYPE = YES_ERROR;
				GCC_WARN_UNDECLARED_SELECTOR = YES;
				GCC_WARN_UNINITIALIZED_AUTOS = YES_AGGRESSIVE;
				GCC_WARN_UNUSED_FUNCTION = YES;
				GCC_WARN_UNUSED_VARIABLE = YES;
				IPHONEOS_DEPLOYMENT_TARGET = 14.5;
				MTL_ENABLE_DEBUG_INFO = INCLUDE_SOURCE;
				MTL_FAST_MATH = YES;
				ONLY_ACTIVE_ARCH = YES;
				SDKROOT = iphoneos;
				SWIFT_ACTIVE_COMPILATION_CONDITIONS = DEBUG;
				SWIFT_OPTIMIZATION_LEVEL = "-Onone";
			};
			name = Debug;
		};
		7AE6E58D27C5586500438EB3 /* Release */ = {
			isa = XCBuildConfiguration;
			buildSettings = {
				ALWAYS_SEARCH_USER_PATHS = NO;
				CLANG_ANALYZER_NONNULL = YES;
				CLANG_ANALYZER_NUMBER_OBJECT_CONVERSION = YES_AGGRESSIVE;
				CLANG_CXX_LANGUAGE_STANDARD = "gnu++14";
				CLANG_CXX_LIBRARY = "libc++";
				CLANG_ENABLE_MODULES = YES;
				CLANG_ENABLE_OBJC_ARC = YES;
				CLANG_ENABLE_OBJC_WEAK = YES;
				CLANG_WARN_BLOCK_CAPTURE_AUTORELEASING = YES;
				CLANG_WARN_BOOL_CONVERSION = YES;
				CLANG_WARN_COMMA = YES;
				CLANG_WARN_CONSTANT_CONVERSION = YES;
				CLANG_WARN_DEPRECATED_OBJC_IMPLEMENTATIONS = YES;
				CLANG_WARN_DIRECT_OBJC_ISA_USAGE = YES_ERROR;
				CLANG_WARN_DOCUMENTATION_COMMENTS = YES;
				CLANG_WARN_EMPTY_BODY = YES;
				CLANG_WARN_ENUM_CONVERSION = YES;
				CLANG_WARN_INFINITE_RECURSION = YES;
				CLANG_WARN_INT_CONVERSION = YES;
				CLANG_WARN_NON_LITERAL_NULL_CONVERSION = YES;
				CLANG_WARN_OBJC_IMPLICIT_RETAIN_SELF = YES;
				CLANG_WARN_OBJC_LITERAL_CONVERSION = YES;
				CLANG_WARN_OBJC_ROOT_CLASS = YES_ERROR;
				CLANG_WARN_QUOTED_INCLUDE_IN_FRAMEWORK_HEADER = YES;
				CLANG_WARN_RANGE_LOOP_ANALYSIS = YES;
				CLANG_WARN_STRICT_PROTOTYPES = YES;
				CLANG_WARN_SUSPICIOUS_MOVE = YES;
				CLANG_WARN_UNGUARDED_AVAILABILITY = YES_AGGRESSIVE;
				CLANG_WARN_UNREACHABLE_CODE = YES;
				CLANG_WARN__DUPLICATE_METHOD_MATCH = YES;
				COPY_PHASE_STRIP = NO;
				DEBUG_INFORMATION_FORMAT = "dwarf-with-dsym";
				ENABLE_NS_ASSERTIONS = NO;
				ENABLE_STRICT_OBJC_MSGSEND = YES;
				GCC_C_LANGUAGE_STANDARD = gnu11;
				GCC_NO_COMMON_BLOCKS = YES;
				GCC_WARN_64_TO_32_BIT_CONVERSION = YES;
				GCC_WARN_ABOUT_RETURN_TYPE = YES_ERROR;
				GCC_WARN_UNDECLARED_SELECTOR = YES;
				GCC_WARN_UNINITIALIZED_AUTOS = YES_AGGRESSIVE;
				GCC_WARN_UNUSED_FUNCTION = YES;
				GCC_WARN_UNUSED_VARIABLE = YES;
				IPHONEOS_DEPLOYMENT_TARGET = 14.5;
				MTL_ENABLE_DEBUG_INFO = NO;
				MTL_FAST_MATH = YES;
				SDKROOT = iphoneos;
				SWIFT_COMPILATION_MODE = wholemodule;
				SWIFT_OPTIMIZATION_LEVEL = "-O";
				VALIDATE_PRODUCT = YES;
			};
			name = Release;
		};
		7AE6E58F27C5586500438EB3 /* Debug */ = {
			isa = XCBuildConfiguration;
			buildSettings = {
				ASSETCATALOG_COMPILER_APPICON_NAME = AppIcon;
				ASSETCATALOG_COMPILER_GLOBAL_ACCENT_COLOR_NAME = AccentColor;
				CODE_SIGN_STYLE = Automatic;
				INFOPLIST_FILE = TuffyFood/Info.plist;
				LD_RUNPATH_SEARCH_PATHS = (
					"$(inherited)",
					"@executable_path/Frameworks",
				);
				PRODUCT_BUNDLE_IDENTIFIER = Group9.TuffyFood;
				PRODUCT_NAME = "$(TARGET_NAME)";
				SWIFT_VERSION = 5.0;
				TARGETED_DEVICE_FAMILY = "1,2";
			};
			name = Debug;
		};
		7AE6E59027C5586500438EB3 /* Release */ = {
			isa = XCBuildConfiguration;
			buildSettings = {
				ASSETCATALOG_COMPILER_APPICON_NAME = AppIcon;
				ASSETCATALOG_COMPILER_GLOBAL_ACCENT_COLOR_NAME = AccentColor;
				CODE_SIGN_STYLE = Automatic;
				INFOPLIST_FILE = TuffyFood/Info.plist;
				LD_RUNPATH_SEARCH_PATHS = (
					"$(inherited)",
					"@executable_path/Frameworks",
				);
				PRODUCT_BUNDLE_IDENTIFIER = Group9.TuffyFood;
				PRODUCT_NAME = "$(TARGET_NAME)";
				SWIFT_VERSION = 5.0;
				TARGETED_DEVICE_FAMILY = "1,2";
			};
			name = Release;
		};
		7AE6E59227C5586500438EB3 /* Debug */ = {
			isa = XCBuildConfiguration;
			buildSettings = {
				ALWAYS_EMBED_SWIFT_STANDARD_LIBRARIES = YES;
				BUNDLE_LOADER = "$(TEST_HOST)";
				CODE_SIGN_STYLE = Automatic;
				INFOPLIST_FILE = TuffyFoodTests/Info.plist;
				IPHONEOS_DEPLOYMENT_TARGET = 14.5;
				LD_RUNPATH_SEARCH_PATHS = (
					"$(inherited)",
					"@executable_path/Frameworks",
					"@loader_path/Frameworks",
				);
				PRODUCT_BUNDLE_IDENTIFIER = Group9.TuffyFoodTests;
				PRODUCT_NAME = "$(TARGET_NAME)";
				SWIFT_VERSION = 5.0;
				TARGETED_DEVICE_FAMILY = "1,2";
				TEST_HOST = "$(BUILT_PRODUCTS_DIR)/TuffyFood.app/TuffyFood";
			};
			name = Debug;
		};
		7AE6E59327C5586500438EB3 /* Release */ = {
			isa = XCBuildConfiguration;
			buildSettings = {
				ALWAYS_EMBED_SWIFT_STANDARD_LIBRARIES = YES;
				BUNDLE_LOADER = "$(TEST_HOST)";
				CODE_SIGN_STYLE = Automatic;
				INFOPLIST_FILE = TuffyFoodTests/Info.plist;
				IPHONEOS_DEPLOYMENT_TARGET = 14.5;
				LD_RUNPATH_SEARCH_PATHS = (
					"$(inherited)",
					"@executable_path/Frameworks",
					"@loader_path/Frameworks",
				);
				PRODUCT_BUNDLE_IDENTIFIER = Group9.TuffyFoodTests;
				PRODUCT_NAME = "$(TARGET_NAME)";
				SWIFT_VERSION = 5.0;
				TARGETED_DEVICE_FAMILY = "1,2";
				TEST_HOST = "$(BUILT_PRODUCTS_DIR)/TuffyFood.app/TuffyFood";
			};
			name = Release;
		};
		7AE6E59527C5586500438EB3 /* Debug */ = {
			isa = XCBuildConfiguration;
			buildSettings = {
				ALWAYS_EMBED_SWIFT_STANDARD_LIBRARIES = YES;
				CODE_SIGN_STYLE = Automatic;
				INFOPLIST_FILE = TuffyFoodUITests/Info.plist;
				LD_RUNPATH_SEARCH_PATHS = (
					"$(inherited)",
					"@executable_path/Frameworks",
					"@loader_path/Frameworks",
				);
				PRODUCT_BUNDLE_IDENTIFIER = Group9.TuffyFoodUITests;
				PRODUCT_NAME = "$(TARGET_NAME)";
				SWIFT_VERSION = 5.0;
				TARGETED_DEVICE_FAMILY = "1,2";
				TEST_TARGET_NAME = TuffyFood;
			};
			name = Debug;
		};
		7AE6E59627C5586500438EB3 /* Release */ = {
			isa = XCBuildConfiguration;
			buildSettings = {
				ALWAYS_EMBED_SWIFT_STANDARD_LIBRARIES = YES;
				CODE_SIGN_STYLE = Automatic;
				INFOPLIST_FILE = TuffyFoodUITests/Info.plist;
				LD_RUNPATH_SEARCH_PATHS = (
					"$(inherited)",
					"@executable_path/Frameworks",
					"@loader_path/Frameworks",
				);
				PRODUCT_BUNDLE_IDENTIFIER = Group9.TuffyFoodUITests;
				PRODUCT_NAME = "$(TARGET_NAME)";
				SWIFT_VERSION = 5.0;
				TARGETED_DEVICE_FAMILY = "1,2";
				TEST_TARGET_NAME = TuffyFood;
			};
			name = Release;
		};
/* End XCBuildConfiguration section */

/* Begin XCConfigurationList section */
		7AE6E55F27C5586200438EB3 /* Build configuration list for PBXProject "TuffyFood" */ = {
			isa = XCConfigurationList;
			buildConfigurations = (
				7AE6E58C27C5586500438EB3 /* Debug */,
				7AE6E58D27C5586500438EB3 /* Release */,
			);
			defaultConfigurationIsVisible = 0;
			defaultConfigurationName = Release;
		};
		7AE6E58E27C5586500438EB3 /* Build configuration list for PBXNativeTarget "TuffyFood" */ = {
			isa = XCConfigurationList;
			buildConfigurations = (
				7AE6E58F27C5586500438EB3 /* Debug */,
				7AE6E59027C5586500438EB3 /* Release */,
			);
			defaultConfigurationIsVisible = 0;
			defaultConfigurationName = Release;
		};
		7AE6E59127C5586500438EB3 /* Build configuration list for PBXNativeTarget "TuffyFoodTests" */ = {
			isa = XCConfigurationList;
			buildConfigurations = (
				7AE6E59227C5586500438EB3 /* Debug */,
				7AE6E59327C5586500438EB3 /* Release */,
			);
			defaultConfigurationIsVisible = 0;
			defaultConfigurationName = Release;
		};
		7AE6E59427C5586500438EB3 /* Build configuration list for PBXNativeTarget "TuffyFoodUITests" */ = {
			isa = XCConfigurationList;
			buildConfigurations = (
				7AE6E59527C5586500438EB3 /* Debug */,
				7AE6E59627C5586500438EB3 /* Release */,
			);
			defaultConfigurationIsVisible = 0;
			defaultConfigurationName = Release;
		};
/* End XCConfigurationList section */
	};
	rootObject = 7AE6E55C27C5586200438EB3 /* Project object */;
}
