// !$*UTF8*$!
{
	archiveVersion = 1;
	classes = {
	};
	objectVersion = 51;
	objects = {

/* Begin PBXBuildFile section */
		3B9F80BA0D61D66AF8BC67E5 /* Pods_TuffyFood.framework in Frameworks */ = {isa = PBXBuildFile; fileRef = 477AB516EAF34E5A89BC24D3 /* Pods_TuffyFood.framework */; };
		7A31AB7227F4C6DC004EDAF7 /* Nick's Storyboard.storyboard in Resources */ = {isa = PBXBuildFile; fileRef = 7A31AB7127F4C6DC004EDAF7 /* Nick's Storyboard.storyboard */; };
		7A31AB7427F4C7DB004EDAF7 /* MyTableViewController.swift in Sources */ = {isa = PBXBuildFile; fileRef = 7A31AB7327F4C7DB004EDAF7 /* MyTableViewController.swift */; };
		7A31AB7627F4C846004EDAF7 /* MySearchViewController.swift in Sources */ = {isa = PBXBuildFile; fileRef = 7A31AB7527F4C846004EDAF7 /* MySearchViewController.swift */; };
		7A4A3A7F27C7F04700E0F6E0 /* MembersInfo.swift in Sources */ = {isa = PBXBuildFile; fileRef = 7A4A3A7D27C7F04700E0F6E0 /* MembersInfo.swift */; };
		7A4A3A8027C7F04700E0F6E0 /* reviewClass.swift in Sources */ = {isa = PBXBuildFile; fileRef = 7A4A3A7E27C7F04700E0F6E0 /* reviewClass.swift */; };
		7A4A3A8227C7F92000E0F6E0 /* GoogleService-Info.plist in Resources */ = {isa = PBXBuildFile; fileRef = 7A4A3A8127C7F92000E0F6E0 /* GoogleService-Info.plist */; };
		7A4A3A8A27C8CD6600E0F6E0 /* HomeScreenViewController.swift in Sources */ = {isa = PBXBuildFile; fileRef = 7A4A3A8927C8CD6600E0F6E0 /* HomeScreenViewController.swift */; };
		7A4A3A8C27C8CE0100E0F6E0 /* PlaceReviewsViewController.swift in Sources */ = {isa = PBXBuildFile; fileRef = 7A4A3A8B27C8CE0100E0F6E0 /* PlaceReviewsViewController.swift */; };
		7A4A3A8F27C8D61D00E0F6E0 /* Constants.swift in Sources */ = {isa = PBXBuildFile; fileRef = 7A4A3A8E27C8D61D00E0F6E0 /* Constants.swift */; };
		7A51B40A27DF115600D141FD /* foodPlaceCell.swift in Sources */ = {isa = PBXBuildFile; fileRef = 7A51B40827DF115600D141FD /* foodPlaceCell.swift */; };
		7A51B40B27DF115600D141FD /* foodPlaceCell.xib in Resources */ = {isa = PBXBuildFile; fileRef = 7A51B40927DF115600D141FD /* foodPlaceCell.xib */; };
		7A6FC64927D561B100DA36A5 /* welcomeViewController.swift in Sources */ = {isa = PBXBuildFile; fileRef = 7A6FC64827D561B100DA36A5 /* welcomeViewController.swift */; };
		7A6FC64B27D5726700DA36A5 /* logInViewController.swift in Sources */ = {isa = PBXBuildFile; fileRef = 7A6FC64A27D5726700DA36A5 /* logInViewController.swift */; };
		7A7F3F9227ECD6DD00DA20EB /* profilePageViewController.swift in Sources */ = {isa = PBXBuildFile; fileRef = 7A7F3F9127ECD6DD00DA20EB /* profilePageViewController.swift */; };
		7A7F3F9427ECDF6400DA20EB /* favoritesPageViewController.swift in Sources */ = {isa = PBXBuildFile; fileRef = 7A7F3F9327ECDF6400DA20EB /* favoritesPageViewController.swift */; };
		7A9147C027FE58290058D78F /* PlaceDetailViewController.swift in Sources */ = {isa = PBXBuildFile; fileRef = 7A9147BF27FE58290058D78F /* PlaceDetailViewController.swift */; };
		7AB1D4A327D8A8B000A73E04 /* User.swift in Sources */ = {isa = PBXBuildFile; fileRef = 7AB1D4A227D8A8B000A73E04 /* User.swift */; };
		7ACE371427C5A611006623B3 /* restaurantClass.swift in Sources */ = {isa = PBXBuildFile; fileRef = 7ACE371327C5A611006623B3 /* restaurantClass.swift */; };
		7ACE371627C5AB3E006623B3 /* restaurantObjects.swift in Sources */ = {isa = PBXBuildFile; fileRef = 7ACE371527C5AB3E006623B3 /* restaurantObjects.swift */; };
		7AE6E56827C5586200438EB3 /* AppDelegate.swift in Sources */ = {isa = PBXBuildFile; fileRef = 7AE6E56727C5586200438EB3 /* AppDelegate.swift */; };
		7AE6E56A27C5586200438EB3 /* SceneDelegate.swift in Sources */ = {isa = PBXBuildFile; fileRef = 7AE6E56927C5586200438EB3 /* SceneDelegate.swift */; };
		7AE6E56F27C5586200438EB3 /* Main.storyboard in Resources */ = {isa = PBXBuildFile; fileRef = 7AE6E56D27C5586200438EB3 /* Main.storyboard */; };
		7AE6E57127C5586400438EB3 /* Assets.xcassets in Resources */ = {isa = PBXBuildFile; fileRef = 7AE6E57027C5586400438EB3 /* Assets.xcassets */; };
		7AE6E57427C5586400438EB3 /* LaunchScreen.storyboard in Resources */ = {isa = PBXBuildFile; fileRef = 7AE6E57227C5586400438EB3 /* LaunchScreen.storyboard */; };
		7AE6E57F27C5586500438EB3 /* TuffyFoodTests.swift in Sources */ = {isa = PBXBuildFile; fileRef = 7AE6E57E27C5586500438EB3 /* TuffyFoodTests.swift */; };
		7AE6E58A27C5586500438EB3 /* TuffyFoodUITests.swift in Sources */ = {isa = PBXBuildFile; fileRef = 7AE6E58927C5586500438EB3 /* TuffyFoodUITests.swift */; };
		7AEB701227D5AC0F00EF870B /* registerViewController.swift in Sources */ = {isa = PBXBuildFile; fileRef = 7AEB701127D5AC0F00EF870B /* registerViewController.swift */; };
		8D480C4845201917AD8CD492 /* Pods_TuffyFood_TuffyFoodUITests.framework in Frameworks */ = {isa = PBXBuildFile; fileRef = 1B279C2F8B1E8D5462152002 /* Pods_TuffyFood_TuffyFoodUITests.framework */; };
		E59A17E424B30106B6D19C31 /* Pods_TuffyFoodTests.framework in Frameworks */ = {isa = PBXBuildFile; fileRef = 7DCD32E206EACAE8FB33EBE2 /* Pods_TuffyFoodTests.framework */; };
/* End PBXBuildFile section */

/* Begin PBXContainerItemProxy section */
		7AE6E57B27C5586500438EB3 /* PBXContainerItemProxy */ = {
			isa = PBXContainerItemProxy;
			containerPortal = 7AE6E55C27C5586200438EB3 /* Project object */;
			proxyType = 1;
			remoteGlobalIDString = 7AE6E56327C5586200438EB3;
			remoteInfo = TuffyFood;
		};
		7AE6E58627C5586500438EB3 /* PBXContainerItemProxy */ = {
			isa = PBXContainerItemProxy;
			containerPortal = 7AE6E55C27C5586200438EB3 /* Project object */;
			proxyType = 1;
			remoteGlobalIDString = 7AE6E56327C5586200438EB3;
			remoteInfo = TuffyFood;
		};
/* End PBXContainerItemProxy section */

/* Begin PBXFileReference section */
		1B279C2F8B1E8D5462152002 /* Pods_TuffyFood_TuffyFoodUITests.framework */ = {isa = PBXFileReference; explicitFileType = wrapper.framework; includeInIndex = 0; path = Pods_TuffyFood_TuffyFoodUITests.framework; sourceTree = BUILT_PRODUCTS_DIR; };
		310EBD7BA2E9ACFA241C5AF0 /* Pods-TuffyFood.release.xcconfig */ = {isa = PBXFileReference; includeInIndex = 1; lastKnownFileType = text.xcconfig; name = "Pods-TuffyFood.release.xcconfig"; path = "Target Support Files/Pods-TuffyFood/Pods-TuffyFood.release.xcconfig"; sourceTree = "<group>"; };
		383379B9C0129430614361CB /* Pods-TuffyFoodTests.release.xcconfig */ = {isa = PBXFileReference; includeInIndex = 1; lastKnownFileType = text.xcconfig; name = "Pods-TuffyFoodTests.release.xcconfig"; path = "Target Support Files/Pods-TuffyFoodTests/Pods-TuffyFoodTests.release.xcconfig"; sourceTree = "<group>"; };
		3FBC5DA127024A21C50533AA /* Pods-TuffyFood-TuffyFoodUITests.release.xcconfig */ = {isa = PBXFileReference; includeInIndex = 1; lastKnownFileType = text.xcconfig; name = "Pods-TuffyFood-TuffyFoodUITests.release.xcconfig"; path = "Target Support Files/Pods-TuffyFood-TuffyFoodUITests/Pods-TuffyFood-TuffyFoodUITests.release.xcconfig"; sourceTree = "<group>"; };
		477AB516EAF34E5A89BC24D3 /* Pods_TuffyFood.framework */ = {isa = PBXFileReference; explicitFileType = wrapper.framework; includeInIndex = 0; path = Pods_TuffyFood.framework; sourceTree = BUILT_PRODUCTS_DIR; };
		48C74D8E7988385BB9C39706 /* Pods-TuffyFood.debug.xcconfig */ = {isa = PBXFileReference; includeInIndex = 1; lastKnownFileType = text.xcconfig; name = "Pods-TuffyFood.debug.xcconfig"; path = "Target Support Files/Pods-TuffyFood/Pods-TuffyFood.debug.xcconfig"; sourceTree = "<group>"; };
		7A31AB7127F4C6DC004EDAF7 /* Nick's Storyboard.storyboard */ = {isa = PBXFileReference; lastKnownFileType = file.storyboard; path = "Nick's Storyboard.storyboard"; sourceTree = "<group>"; };
		7A31AB7327F4C7DB004EDAF7 /* MyTableViewController.swift */ = {isa = PBXFileReference; lastKnownFileType = sourcecode.swift; path = MyTableViewController.swift; sourceTree = "<group>"; };
		7A31AB7527F4C846004EDAF7 /* MySearchViewController.swift */ = {isa = PBXFileReference; lastKnownFileType = sourcecode.swift; path = MySearchViewController.swift; sourceTree = "<group>"; };
		7A4A3A7D27C7F04700E0F6E0 /* MembersInfo.swift */ = {isa = PBXFileReference; fileEncoding = 4; lastKnownFileType = sourcecode.swift; path = MembersInfo.swift; sourceTree = "<group>"; };
		7A4A3A7E27C7F04700E0F6E0 /* reviewClass.swift */ = {isa = PBXFileReference; fileEncoding = 4; lastKnownFileType = sourcecode.swift; path = reviewClass.swift; sourceTree = "<group>"; };
		7A4A3A8127C7F92000E0F6E0 /* GoogleService-Info.plist */ = {isa = PBXFileReference; fileEncoding = 4; lastKnownFileType = text.plist.xml; path = "GoogleService-Info.plist"; sourceTree = "<group>"; };
		7A4A3A8927C8CD6600E0F6E0 /* HomeScreenViewController.swift */ = {isa = PBXFileReference; lastKnownFileType = sourcecode.swift; path = HomeScreenViewController.swift; sourceTree = "<group>"; };
		7A4A3A8B27C8CE0100E0F6E0 /* PlaceReviewsViewController.swift */ = {isa = PBXFileReference; lastKnownFileType = sourcecode.swift; path = PlaceReviewsViewController.swift; sourceTree = "<group>"; };
		7A4A3A8E27C8D61D00E0F6E0 /* Constants.swift */ = {isa = PBXFileReference; lastKnownFileType = sourcecode.swift; path = Constants.swift; sourceTree = "<group>"; };
		7A51B40827DF115600D141FD /* foodPlaceCell.swift */ = {isa = PBXFileReference; lastKnownFileType = sourcecode.swift; path = foodPlaceCell.swift; sourceTree = "<group>"; };
		7A51B40927DF115600D141FD /* foodPlaceCell.xib */ = {isa = PBXFileReference; lastKnownFileType = file.xib; path = foodPlaceCell.xib; sourceTree = "<group>"; };
		7A6FC64827D561B100DA36A5 /* welcomeViewController.swift */ = {isa = PBXFileReference; lastKnownFileType = sourcecode.swift; path = welcomeViewController.swift; sourceTree = "<group>"; };
		7A6FC64A27D5726700DA36A5 /* logInViewController.swift */ = {isa = PBXFileReference; lastKnownFileType = sourcecode.swift; path = logInViewController.swift; sourceTree = "<group>"; };
		7A7F3F9127ECD6DD00DA20EB /* profilePageViewController.swift */ = {isa = PBXFileReference; lastKnownFileType = sourcecode.swift; path = profilePageViewController.swift; sourceTree = "<group>"; };
		7A7F3F9327ECDF6400DA20EB /* favoritesPageViewController.swift */ = {isa = PBXFileReference; lastKnownFileType = sourcecode.swift; path = favoritesPageViewController.swift; sourceTree = "<group>"; };
		7A9147BF27FE58290058D78F /* PlaceDetailViewController.swift */ = {isa = PBXFileReference; lastKnownFileType = sourcecode.swift; path = PlaceDetailViewController.swift; sourceTree = "<group>"; };
		7AB1D4A227D8A8B000A73E04 /* User.swift */ = {isa = PBXFileReference; lastKnownFileType = sourcecode.swift; path = User.swift; sourceTree = "<group>"; };
		7ACE371327C5A611006623B3 /* restaurantClass.swift */ = {isa = PBXFileReference; lastKnownFileType = sourcecode.swift; path = restaurantClass.swift; sourceTree = "<group>"; };
		7ACE371527C5AB3E006623B3 /* restaurantObjects.swift */ = {isa = PBXFileReference; lastKnownFileType = sourcecode.swift; path = restaurantObjects.swift; sourceTree = "<group>"; };
		7AE6E56427C5586200438EB3 /* TuffyFood.app */ = {isa = PBXFileReference; explicitFileType = wrapper.application; includeInIndex = 0; path = TuffyFood.app; sourceTree = BUILT_PRODUCTS_DIR; };
		7AE6E56727C5586200438EB3 /* AppDelegate.swift */ = {isa = PBXFileReference; lastKnownFileType = sourcecode.swift; path = AppDelegate.swift; sourceTree = "<group>"; };
		7AE6E56927C5586200438EB3 /* SceneDelegate.swift */ = {isa = PBXFileReference; lastKnownFileType = sourcecode.swift; path = SceneDelegate.swift; sourceTree = "<group>"; };
		7AE6E56E27C5586200438EB3 /* Base */ = {isa = PBXFileReference; lastKnownFileType = file.storyboard; name = Base; path = Base.lproj/Main.storyboard; sourceTree = "<group>"; };
		7AE6E57027C5586400438EB3 /* Assets.xcassets */ = {isa = PBXFileReference; lastKnownFileType = folder.assetcatalog; path = Assets.xcassets; sourceTree = "<group>"; };
		7AE6E57327C5586400438EB3 /* Base */ = {isa = PBXFileReference; lastKnownFileType = file.storyboard; name = Base; path = Base.lproj/LaunchScreen.storyboard; sourceTree = "<group>"; };
		7AE6E57527C5586400438EB3 /* Info.plist */ = {isa = PBXFileReference; lastKnownFileType = text.plist.xml; path = Info.plist; sourceTree = "<group>"; };
		7AE6E57A27C5586500438EB3 /* TuffyFoodTests.xctest */ = {isa = PBXFileReference; explicitFileType = wrapper.cfbundle; includeInIndex = 0; path = TuffyFoodTests.xctest; sourceTree = BUILT_PRODUCTS_DIR; };
		7AE6E57E27C5586500438EB3 /* TuffyFoodTests.swift */ = {isa = PBXFileReference; lastKnownFileType = sourcecode.swift; path = TuffyFoodTests.swift; sourceTree = "<group>"; };
		7AE6E58027C5586500438EB3 /* Info.plist */ = {isa = PBXFileReference; lastKnownFileType = text.plist.xml; path = Info.plist; sourceTree = "<group>"; };
		7AE6E58527C5586500438EB3 /* TuffyFoodUITests.xctest */ = {isa = PBXFileReference; explicitFileType = wrapper.cfbundle; includeInIndex = 0; path = TuffyFoodUITests.xctest; sourceTree = BUILT_PRODUCTS_DIR; };
		7AE6E58927C5586500438EB3 /* TuffyFoodUITests.swift */ = {isa = PBXFileReference; lastKnownFileType = sourcecode.swift; path = TuffyFoodUITests.swift; sourceTree = "<group>"; };
		7AE6E58B27C5586500438EB3 /* Info.plist */ = {isa = PBXFileReference; lastKnownFileType = text.plist.xml; path = Info.plist; sourceTree = "<group>"; };
		7AEB701127D5AC0F00EF870B /* registerViewController.swift */ = {isa = PBXFileReference; lastKnownFileType = sourcecode.swift; path = registerViewController.swift; sourceTree = "<group>"; };
		7DCD32E206EACAE8FB33EBE2 /* Pods_TuffyFoodTests.framework */ = {isa = PBXFileReference; explicitFileType = wrapper.framework; includeInIndex = 0; path = Pods_TuffyFoodTests.framework; sourceTree = BUILT_PRODUCTS_DIR; };
		9E637C27551529DD881D154E /* Pods-TuffyFood-TuffyFoodUITests.debug.xcconfig */ = {isa = PBXFileReference; includeInIndex = 1; lastKnownFileType = text.xcconfig; name = "Pods-TuffyFood-TuffyFoodUITests.debug.xcconfig"; path = "Target Support Files/Pods-TuffyFood-TuffyFoodUITests/Pods-TuffyFood-TuffyFoodUITests.debug.xcconfig"; sourceTree = "<group>"; };
		E45554F4E9D59B25CE8DC69B /* Pods-TuffyFoodTests.debug.xcconfig */ = {isa = PBXFileReference; includeInIndex = 1; lastKnownFileType = text.xcconfig; name = "Pods-TuffyFoodTests.debug.xcconfig"; path = "Target Support Files/Pods-TuffyFoodTests/Pods-TuffyFoodTests.debug.xcconfig"; sourceTree = "<group>"; };
/* End PBXFileReference section */

/* Begin PBXFrameworksBuildPhase section */
		7AE6E56127C5586200438EB3 /* Frameworks */ = {
			isa = PBXFrameworksBuildPhase;
			buildActionMask = 2147483647;
			files = (
				3B9F80BA0D61D66AF8BC67E5 /* Pods_TuffyFood.framework in Frameworks */,
			);
			runOnlyForDeploymentPostprocessing = 0;
		};
		7AE6E57727C5586500438EB3 /* Frameworks */ = {
			isa = PBXFrameworksBuildPhase;
			buildActionMask = 2147483647;
			files = (
				E59A17E424B30106B6D19C31 /* Pods_TuffyFoodTests.framework in Frameworks */,
			);
			runOnlyForDeploymentPostprocessing = 0;
		};
		7AE6E58227C5586500438EB3 /* Frameworks */ = {
			isa = PBXFrameworksBuildPhase;
			buildActionMask = 2147483647;
			files = (
				8D480C4845201917AD8CD492 /* Pods_TuffyFood_TuffyFoodUITests.framework in Frameworks */,
			);
			runOnlyForDeploymentPostprocessing = 0;
		};
/* End PBXFrameworksBuildPhase section */

/* Begin PBXGroup section */
		7A31AB7027F4C6CA004EDAF7 /* New Group */ = {
			isa = PBXGroup;
			children = (
				7A31AB7127F4C6DC004EDAF7 /* Nick's Storyboard.storyboard */,
				7A31AB7327F4C7DB004EDAF7 /* MyTableViewController.swift */,
				7A31AB7527F4C846004EDAF7 /* MySearchViewController.swift */,
			);
			path = "New Group";
			sourceTree = "<group>";
		};
		7A4A3A8327C8C5B000E0F6E0 /* Controllers */ = {
			isa = PBXGroup;
			children = (
				7A6FC64827D561B100DA36A5 /* welcomeViewController.swift */,
				7A4A3A8927C8CD6600E0F6E0 /* HomeScreenViewController.swift */,
				7A4A3A8B27C8CE0100E0F6E0 /* PlaceReviewsViewController.swift */,
				7A6FC64A27D5726700DA36A5 /* logInViewController.swift */,
				7AEB701127D5AC0F00EF870B /* registerViewController.swift */,
				7A7F3F9127ECD6DD00DA20EB /* profilePageViewController.swift */,
				7A7F3F9327ECDF6400DA20EB /* favoritesPageViewController.swift */,
				7A9147BF27FE58290058D78F /* PlaceDetailViewController.swift */,
			);
			path = Controllers;
			sourceTree = "<group>";
		};
		7A4A3A8427C8C5BB00E0F6E0 /* Models */ = {
			isa = PBXGroup;
			children = (
				7A4A3A7E27C7F04700E0F6E0 /* reviewClass.swift */,
				7ACE371527C5AB3E006623B3 /* restaurantObjects.swift */,
				7ACE371327C5A611006623B3 /* restaurantClass.swift */,
				7A4A3A7D27C7F04700E0F6E0 /* MembersInfo.swift */,
				7AB1D4A227D8A8B000A73E04 /* User.swift */,
			);
			path = Models;
			sourceTree = "<group>";
		};
		7A4A3A8527C8C5C100E0F6E0 /* Resources */ = {
			isa = PBXGroup;
			children = (
				7AE6E56727C5586200438EB3 /* AppDelegate.swift */,
				7AE6E56927C5586200438EB3 /* SceneDelegate.swift */,
			);
			path = Resources;
			sourceTree = "<group>";
		};
		7A4A3A8627C8C5E800E0F6E0 /* Views */ = {
			isa = PBXGroup;
			children = (
				7A4A3A8827C8C62200E0F6E0 /* Storyboards */,
			);
			path = Views;
			sourceTree = "<group>";
		};
		7A4A3A8727C8C5F100E0F6E0 /* ViewModels */ = {
			isa = PBXGroup;
			children = (
			);
			path = ViewModels;
			sourceTree = "<group>";
		};
		7A4A3A8827C8C62200E0F6E0 /* Storyboards */ = {
			isa = PBXGroup;
			children = (
				7A31AB7027F4C6CA004EDAF7 /* New Group */,
				7AE6E56D27C5586200438EB3 /* Main.storyboard */,
				7AE6E57227C5586400438EB3 /* LaunchScreen.storyboard */,
				7A51B40827DF115600D141FD /* foodPlaceCell.swift */,
				7A51B40927DF115600D141FD /* foodPlaceCell.xib */,
			);
			path = Storyboards;
			sourceTree = "<group>";
		};
		7A4A3A8D27C8D60900E0F6E0 /* Helpers */ = {
			isa = PBXGroup;
			children = (
				7A4A3A8E27C8D61D00E0F6E0 /* Constants.swift */,
			);
			path = Helpers;
			sourceTree = "<group>";
		};
		7AE6E55B27C5586200438EB3 = {
			isa = PBXGroup;
			children = (
				7AE6E56627C5586200438EB3 /* TuffyFood */,
				7AE6E57D27C5586500438EB3 /* TuffyFoodTests */,
				7AE6E58827C5586500438EB3 /* TuffyFoodUITests */,
				7AE6E56527C5586200438EB3 /* Products */,
				9D98979ABD731648F99AB34E /* Pods */,
				A8A9BC58A67039ABC2C8893F /* Frameworks */,
			);
			sourceTree = "<group>";
		};
		7AE6E56527C5586200438EB3 /* Products */ = {
			isa = PBXGroup;
			children = (
				7AE6E56427C5586200438EB3 /* TuffyFood.app */,
				7AE6E57A27C5586500438EB3 /* TuffyFoodTests.xctest */,
				7AE6E58527C5586500438EB3 /* TuffyFoodUITests.xctest */,
			);
			name = Products;
			sourceTree = "<group>";
		};
		7AE6E56627C5586200438EB3 /* TuffyFood */ = {
			isa = PBXGroup;
			children = (
				7A4A3A8D27C8D60900E0F6E0 /* Helpers */,
				7A4A3A8727C8C5F100E0F6E0 /* ViewModels */,
				7A4A3A8627C8C5E800E0F6E0 /* Views */,
				7A4A3A8527C8C5C100E0F6E0 /* Resources */,
				7A4A3A8427C8C5BB00E0F6E0 /* Models */,
				7A4A3A8327C8C5B000E0F6E0 /* Controllers */,
				7A4A3A8127C7F92000E0F6E0 /* GoogleService-Info.plist */,
				7AE6E57527C5586400438EB3 /* Info.plist */,
				7AE6E57027C5586400438EB3 /* Assets.xcassets */,
			);
			path = TuffyFood;
			sourceTree = "<group>";
		};
		7AE6E57D27C5586500438EB3 /* TuffyFoodTests */ = {
			isa = PBXGroup;
			children = (
				7AE6E57E27C5586500438EB3 /* TuffyFoodTests.swift */,
				7AE6E58027C5586500438EB3 /* Info.plist */,
			);
			path = TuffyFoodTests;
			sourceTree = "<group>";
		};
		7AE6E58827C5586500438EB3 /* TuffyFoodUITests */ = {
			isa = PBXGroup;
			children = (
				7AE6E58927C5586500438EB3 /* TuffyFoodUITests.swift */,
				7AE6E58B27C5586500438EB3 /* Info.plist */,
			);
			path = TuffyFoodUITests;
			sourceTree = "<group>";
		};
		9D98979ABD731648F99AB34E /* Pods */ = {
			isa = PBXGroup;
			children = (
				48C74D8E7988385BB9C39706 /* Pods-TuffyFood.debug.xcconfig */,
				310EBD7BA2E9ACFA241C5AF0 /* Pods-TuffyFood.release.xcconfig */,
				9E637C27551529DD881D154E /* Pods-TuffyFood-TuffyFoodUITests.debug.xcconfig */,
				3FBC5DA127024A21C50533AA /* Pods-TuffyFood-TuffyFoodUITests.release.xcconfig */,
				E45554F4E9D59B25CE8DC69B /* Pods-TuffyFoodTests.debug.xcconfig */,
				383379B9C0129430614361CB /* Pods-TuffyFoodTests.release.xcconfig */,
			);
			path = Pods;
			sourceTree = "<group>";
		};
		A8A9BC58A67039ABC2C8893F /* Frameworks */ = {
			isa = PBXGroup;
			children = (
				477AB516EAF34E5A89BC24D3 /* Pods_TuffyFood.framework */,
				1B279C2F8B1E8D5462152002 /* Pods_TuffyFood_TuffyFoodUITests.framework */,
				7DCD32E206EACAE8FB33EBE2 /* Pods_TuffyFoodTests.framework */,
			);
			name = Frameworks;
			sourceTree = "<group>";
		};
/* End PBXGroup section */

/* Begin PBXNativeTarget section */
		7AE6E56327C5586200438EB3 /* TuffyFood */ = {
			isa = PBXNativeTarget;
			buildConfigurationList = 7AE6E58E27C5586500438EB3 /* Build configuration list for PBXNativeTarget "TuffyFood" */;
			buildPhases = (
				2FE30E6537B2AFC4EB1A7B5F /* [CP] Check Pods Manifest.lock */,
				7AE6E56027C5586200438EB3 /* Sources */,
				7AE6E56127C5586200438EB3 /* Frameworks */,
				7AE6E56227C5586200438EB3 /* Resources */,
				3A5FA62DFE1971E20BF66C80 /* [CP] Embed Pods Frameworks */,
			);
			buildRules = (
			);
			dependencies = (
			);
			name = TuffyFood;
			productName = TuffyFood;
			productReference = 7AE6E56427C5586200438EB3 /* TuffyFood.app */;
			productType = "com.apple.product-type.application";
		};
		7AE6E57927C5586500438EB3 /* TuffyFoodTests */ = {
			isa = PBXNativeTarget;
			buildConfigurationList = 7AE6E59127C5586500438EB3 /* Build configuration list for PBXNativeTarget "TuffyFoodTests" */;
			buildPhases = (
				77B2E1BB4509BE168C8845B0 /* [CP] Check Pods Manifest.lock */,
				7AE6E57627C5586500438EB3 /* Sources */,
				7AE6E57727C5586500438EB3 /* Frameworks */,
				7AE6E57827C5586500438EB3 /* Resources */,
			);
			buildRules = (
			);
			dependencies = (
				7AE6E57C27C5586500438EB3 /* PBXTargetDependency */,
			);
			name = TuffyFoodTests;
			productName = TuffyFoodTests;
			productReference = 7AE6E57A27C5586500438EB3 /* TuffyFoodTests.xctest */;
			productType = "com.apple.product-type.bundle.unit-test";
		};
		7AE6E58427C5586500438EB3 /* TuffyFoodUITests */ = {
			isa = PBXNativeTarget;
			buildConfigurationList = 7AE6E59427C5586500438EB3 /* Build configuration list for PBXNativeTarget "TuffyFoodUITests" */;
			buildPhases = (
				5A811C3E45742F7E4762FC27 /* [CP] Check Pods Manifest.lock */,
				7AE6E58127C5586500438EB3 /* Sources */,
				7AE6E58227C5586500438EB3 /* Frameworks */,
				7AE6E58327C5586500438EB3 /* Resources */,
				E566B233203D9DD27EB1D42B /* [CP] Embed Pods Frameworks */,
			);
			buildRules = (
			);
			dependencies = (
				7AE6E58727C5586500438EB3 /* PBXTargetDependency */,
			);
			name = TuffyFoodUITests;
			productName = TuffyFoodUITests;
			productReference = 7AE6E58527C5586500438EB3 /* TuffyFoodUITests.xctest */;
			productType = "com.apple.product-type.bundle.ui-testing";
		};
/* End PBXNativeTarget section */

/* Begin PBXProject section */
		7AE6E55C27C5586200438EB3 /* Project object */ = {
			isa = PBXProject;
			attributes = {
				LastSwiftUpdateCheck = 1250;
				LastUpgradeCheck = 1250;
				TargetAttributes = {
					7AE6E56327C5586200438EB3 = {
						CreatedOnToolsVersion = 12.5;
					};
					7AE6E57927C5586500438EB3 = {
						CreatedOnToolsVersion = 12.5;
						TestTargetID = 7AE6E56327C5586200438EB3;
					};
					7AE6E58427C5586500438EB3 = {
						CreatedOnToolsVersion = 12.5;
						TestTargetID = 7AE6E56327C5586200438EB3;
					};
				};
			};
			buildConfigurationList = 7AE6E55F27C5586200438EB3 /* Build configuration list for PBXProject "TuffyFood" */;
			compatibilityVersion = "Xcode 9.3";
			developmentRegion = en;
			hasScannedForEncodings = 0;
			knownRegions = (
				en,
				Base,
			);
			mainGroup = 7AE6E55B27C5586200438EB3;
			productRefGroup = 7AE6E56527C5586200438EB3 /* Products */;
			projectDirPath = "";
			projectRoot = "";
			targets = (
				7AE6E56327C5586200438EB3 /* TuffyFood */,
				7AE6E57927C5586500438EB3 /* TuffyFoodTests */,
				7AE6E58427C5586500438EB3 /* TuffyFoodUITests */,
			);
		};
/* End PBXProject section */

/* Begin PBXResourcesBuildPhase section */
		7AE6E56227C5586200438EB3 /* Resources */ = {
			isa = PBXResourcesBuildPhase;
			buildActionMask = 2147483647;
			files = (
				7AE6E57427C5586400438EB3 /* LaunchScreen.storyboard in Resources */,
				7A4A3A8227C7F92000E0F6E0 /* GoogleService-Info.plist in Resources */,
				7AE6E57127C5586400438EB3 /* Assets.xcassets in Resources */,
				7A51B40B27DF115600D141FD /* foodPlaceCell.xib in Resources */,
				7AE6E56F27C5586200438EB3 /* Main.storyboard in Resources */,
				7A31AB7227F4C6DC004EDAF7 /* Nick's Storyboard.storyboard in Resources */,
			);
			runOnlyForDeploymentPostprocessing = 0;
		};
		7AE6E57827C5586500438EB3 /* Resources */ = {
			isa = PBXResourcesBuildPhase;
			buildActionMask = 2147483647;
			files = (
			);
			runOnlyForDeploymentPostprocessing = 0;
		};
		7AE6E58327C5586500438EB3 /* Resources */ = {
			isa = PBXResourcesBuildPhase;
			buildActionMask = 2147483647;
			files = (
			);
			runOnlyForDeploymentPostprocessing = 0;
		};
/* End PBXResourcesBuildPhase section */

/* Begin PBXShellScriptBuildPhase section */
		2FE30E6537B2AFC4EB1A7B5F /* [CP] Check Pods Manifest.lock */ = {
			isa = PBXShellScriptBuildPhase;
			buildActionMask = 2147483647;
			files = (
			);
			inputFileListPaths = (
			);
			inputPaths = (
				"${PODS_PODFILE_DIR_PATH}/Podfile.lock",
				"${PODS_ROOT}/Manifest.lock",
			);
			name = "[CP] Check Pods Manifest.lock";
			outputFileListPaths = (
			);
			outputPaths = (
				"$(DERIVED_FILE_DIR)/Pods-TuffyFood-checkManifestLockResult.txt",
			);
			runOnlyForDeploymentPostprocessing = 0;
			shellPath = /bin/sh;
			shellScript = "diff \"${PODS_PODFILE_DIR_PATH}/Podfile.lock\" \"${PODS_ROOT}/Manifest.lock\" > /dev/null\nif [ $? != 0 ] ; then\n    # print error to STDERR\n    echo \"error: The sandbox is not in sync with the Podfile.lock. Run 'pod install' or update your CocoaPods installation.\" >&2\n    exit 1\nfi\n# This output is used by Xcode 'outputs' to avoid re-running this script phase.\necho \"SUCCESS\" > \"${SCRIPT_OUTPUT_FILE_0}\"\n";
			showEnvVarsInLog = 0;
		};
		3A5FA62DFE1971E20BF66C80 /* [CP] Embed Pods Frameworks */ = {
			isa = PBXShellScriptBuildPhase;
			buildActionMask = 2147483647;
			files = (
			);
			inputFileListPaths = (
				"${PODS_ROOT}/Target Support Files/Pods-TuffyFood/Pods-TuffyFood-frameworks-${CONFIGURATION}-input-files.xcfilelist",
			);
			name = "[CP] Embed Pods Frameworks";
			outputFileListPaths = (
				"${PODS_ROOT}/Target Support Files/Pods-TuffyFood/Pods-TuffyFood-frameworks-${CONFIGURATION}-output-files.xcfilelist",
			);
			runOnlyForDeploymentPostprocessing = 0;
			shellPath = /bin/sh;
			shellScript = "\"${PODS_ROOT}/Target Support Files/Pods-TuffyFood/Pods-TuffyFood-frameworks.sh\"\n";
			showEnvVarsInLog = 0;
		};
		5A811C3E45742F7E4762FC27 /* [CP] Check Pods Manifest.lock */ = {
			isa = PBXShellScriptBuildPhase;
			buildActionMask = 2147483647;
			files = (
			);
			inputFileListPaths = (
			);
			inputPaths = (
				"${PODS_PODFILE_DIR_PATH}/Podfile.lock",
				"${PODS_ROOT}/Manifest.lock",
			);
			name = "[CP] Check Pods Manifest.lock";
			outputFileListPaths = (
			);
			outputPaths = (
				"$(DERIVED_FILE_DIR)/Pods-TuffyFood-TuffyFoodUITests-checkManifestLockResult.txt",
			);
			runOnlyForDeploymentPostprocessing = 0;
			shellPath = /bin/sh;
			shellScript = "diff \"${PODS_PODFILE_DIR_PATH}/Podfile.lock\" \"${PODS_ROOT}/Manifest.lock\" > /dev/null\nif [ $? != 0 ] ; then\n    # print error to STDERR\n    echo \"error: The sandbox is not in sync with the Podfile.lock. Run 'pod install' or update your CocoaPods installation.\" >&2\n    exit 1\nfi\n# This output is used by Xcode 'outputs' to avoid re-running this script phase.\necho \"SUCCESS\" > \"${SCRIPT_OUTPUT_FILE_0}\"\n";
			showEnvVarsInLog = 0;
		};
		77B2E1BB4509BE168C8845B0 /* [CP] Check Pods Manifest.lock */ = {
			isa = PBXShellScriptBuildPhase;
			buildActionMask = 2147483647;
			files = (
			);
			inputFileListPaths = (
			);
			inputPaths = (
				"${PODS_PODFILE_DIR_PATH}/Podfile.lock",
				"${PODS_ROOT}/Manifest.lock",
			);
			name = "[CP] Check Pods Manifest.lock";
			outputFileListPaths = (
			);
			outputPaths = (
				"$(DERIVED_FILE_DIR)/Pods-TuffyFoodTests-checkManifestLockResult.txt",
			);
			runOnlyForDeploymentPostprocessing = 0;
			shellPath = /bin/sh;
			shellScript = "diff \"${PODS_PODFILE_DIR_PATH}/Podfile.lock\" \"${PODS_ROOT}/Manifest.lock\" > /dev/null\nif [ $? != 0 ] ; then\n    # print error to STDERR\n    echo \"error: The sandbox is not in sync with the Podfile.lock. Run 'pod install' or update your CocoaPods installation.\" >&2\n    exit 1\nfi\n# This output is used by Xcode 'outputs' to avoid re-running this script phase.\necho \"SUCCESS\" > \"${SCRIPT_OUTPUT_FILE_0}\"\n";
			showEnvVarsInLog = 0;
		};
		E566B233203D9DD27EB1D42B /* [CP] Embed Pods Frameworks */ = {
			isa = PBXShellScriptBuildPhase;
			buildActionMask = 2147483647;
			files = (
			);
			inputFileListPaths = (
				"${PODS_ROOT}/Target Support Files/Pods-TuffyFood-TuffyFoodUITests/Pods-TuffyFood-TuffyFoodUITests-frameworks-${CONFIGURATION}-input-files.xcfilelist",
			);
			name = "[CP] Embed Pods Frameworks";
			outputFileListPaths = (
				"${PODS_ROOT}/Target Support Files/Pods-TuffyFood-TuffyFoodUITests/Pods-TuffyFood-TuffyFoodUITests-frameworks-${CONFIGURATION}-output-files.xcfilelist",
			);
			runOnlyForDeploymentPostprocessing = 0;
			shellPath = /bin/sh;
			shellScript = "\"${PODS_ROOT}/Target Support Files/Pods-TuffyFood-TuffyFoodUITests/Pods-TuffyFood-TuffyFoodUITests-frameworks.sh\"\n";
			showEnvVarsInLog = 0;
		};
/* End PBXShellScriptBuildPhase section */

/* Begin PBXSourcesBuildPhase section */
		7AE6E56027C5586200438EB3 /* Sources */ = {
			isa = PBXSourcesBuildPhase;
			buildActionMask = 2147483647;
			files = (
				7AB1D4A327D8A8B000A73E04 /* User.swift in Sources */,
				7A7F3F9427ECDF6400DA20EB /* favoritesPageViewController.swift in Sources */,
				7A9147C027FE58290058D78F /* PlaceDetailViewController.swift in Sources */,
				7A31AB7627F4C846004EDAF7 /* MySearchViewController.swift in Sources */,
				7A51B40A27DF115600D141FD /* foodPlaceCell.swift in Sources */,
				7A4A3A8A27C8CD6600E0F6E0 /* HomeScreenViewController.swift in Sources */,
				7A4A3A7F27C7F04700E0F6E0 /* MembersInfo.swift in Sources */,
				7A4A3A8C27C8CE0100E0F6E0 /* PlaceReviewsViewController.swift in Sources */,
				7A6FC64B27D5726700DA36A5 /* logInViewController.swift in Sources */,
				7AE6E56827C5586200438EB3 /* AppDelegate.swift in Sources */,
				7AEB701227D5AC0F00EF870B /* registerViewController.swift in Sources */,
				7A4A3A8F27C8D61D00E0F6E0 /* Constants.swift in Sources */,
				7AE6E56A27C5586200438EB3 /* SceneDelegate.swift in Sources */,
				7A6FC64927D561B100DA36A5 /* welcomeViewController.swift in Sources */,
				7ACE371427C5A611006623B3 /* restaurantClass.swift in Sources */,
				7A4A3A8027C7F04700E0F6E0 /* reviewClass.swift in Sources */,
				7A31AB7427F4C7DB004EDAF7 /* MyTableViewController.swift in Sources */,
				7A7F3F9227ECD6DD00DA20EB /* profilePageViewController.swift in Sources */,
				7ACE371627C5AB3E006623B3 /* restaurantObjects.swift in Sources */,
			);
			runOnlyForDeploymentPostprocessing = 0;
		};
		7AE6E57627C5586500438EB3 /* Sources */ = {
			isa = PBXSourcesBuildPhase;
			buildActionMask = 2147483647;
			files = (
				7AE6E57F27C5586500438EB3 /* TuffyFoodTests.swift in Sources */,
			);
			runOnlyForDeploymentPostprocessing = 0;
		};
		7AE6E58127C5586500438EB3 /* Sources */ = {
			isa = PBXSourcesBuildPhase;
			buildActionMask = 2147483647;
			files = (
				7AE6E58A27C5586500438EB3 /* TuffyFoodUITests.swift in Sources */,
			);
			runOnlyForDeploymentPostprocessing = 0;
		};
/* End PBXSourcesBuildPhase section */

/* Begin PBXTargetDependency section */
		7AE6E57C27C5586500438EB3 /* PBXTargetDependency */ = {
			isa = PBXTargetDependency;
			target = 7AE6E56327C5586200438EB3 /* TuffyFood */;
			targetProxy = 7AE6E57B27C5586500438EB3 /* PBXContainerItemProxy */;
		};
		7AE6E58727C5586500438EB3 /* PBXTargetDependency */ = {
			isa = PBXTargetDependency;
			target = 7AE6E56327C5586200438EB3 /* TuffyFood */;
			targetProxy = 7AE6E58627C5586500438EB3 /* PBXContainerItemProxy */;
		};
/* End PBXTargetDependency section */

/* Begin PBXVariantGroup section */
		7AE6E56D27C5586200438EB3 /* Main.storyboard */ = {
			isa = PBXVariantGroup;
			children = (
				7AE6E56E27C5586200438EB3 /* Base */,
			);
			name = Main.storyboard;
			sourceTree = "<group>";
		};
		7AE6E57227C5586400438EB3 /* LaunchScreen.storyboard */ = {
			isa = PBXVariantGroup;
			children = (
				7AE6E57327C5586400438EB3 /* Base */,
			);
			name = LaunchScreen.storyboard;
			sourceTree = "<group>";
		};
/* End PBXVariantGroup section */

/* Begin XCBuildConfiguration section */
		7AE6E58C27C5586500438EB3 /* Debug */ = {
			isa = XCBuildConfiguration;
			buildSettings = {
				ALWAYS_SEARCH_USER_PATHS = NO;
				CLANG_ANALYZER_NONNULL = YES;
				CLANG_ANALYZER_NUMBER_OBJECT_CONVERSION = YES_AGGRESSIVE;
				CLANG_CXX_LANGUAGE_STANDARD = "gnu++14";
				CLANG_CXX_LIBRARY = "libc++";
				CLANG_ENABLE_MODULES = YES;
				CLANG_ENABLE_OBJC_ARC = YES;
				CLANG_ENABLE_OBJC_WEAK = YES;
				CLANG_WARN_BLOCK_CAPTURE_AUTORELEASING = YES;
				CLANG_WARN_BOOL_CONVERSION = YES;
				CLANG_WARN_COMMA = YES;
				CLANG_WARN_CONSTANT_CONVERSION = YES;
				CLANG_WARN_DEPRECATED_OBJC_IMPLEMENTATIONS = YES;
				CLANG_WARN_DIRECT_OBJC_ISA_USAGE = YES_ERROR;
				CLANG_WARN_DOCUMENTATION_COMMENTS = YES;
				CLANG_WARN_EMPTY_BODY = YES;
				CLANG_WARN_ENUM_CONVERSION = YES;
				CLANG_WARN_INFINITE_RECURSION = YES;
				CLANG_WARN_INT_CONVERSION = YES;
				CLANG_WARN_NON_LITERAL_NULL_CONVERSION = YES;
				CLANG_WARN_OBJC_IMPLICIT_RETAIN_SELF = YES;
				CLANG_WARN_OBJC_LITERAL_CONVERSION = YES;
				CLANG_WARN_OBJC_ROOT_CLASS = YES_ERROR;
				CLANG_WARN_QUOTED_INCLUDE_IN_FRAMEWORK_HEADER = YES;
				CLANG_WARN_RANGE_LOOP_ANALYSIS = YES;
				CLANG_WARN_STRICT_PROTOTYPES = YES;
				CLANG_WARN_SUSPICIOUS_MOVE = YES;
				CLANG_WARN_UNGUARDED_AVAILABILITY = YES_AGGRESSIVE;
				CLANG_WARN_UNREACHABLE_CODE = YES;
				CLANG_WARN__DUPLICATE_METHOD_MATCH = YES;
				COPY_PHASE_STRIP = NO;
				DEBUG_INFORMATION_FORMAT = dwarf;
				ENABLE_STRICT_OBJC_MSGSEND = YES;
				ENABLE_TESTABILITY = YES;
				GCC_C_LANGUAGE_STANDARD = gnu11;
				GCC_DYNAMIC_NO_PIC = NO;
				GCC_NO_COMMON_BLOCKS = YES;
				GCC_OPTIMIZATION_LEVEL = 0;
				GCC_PREPROCESSOR_DEFINITIONS = (
					"DEBUG=1",
					"$(inherited)",
				);
				GCC_WARN_64_TO_32_BIT_CONVERSION = YES;
				GCC_WARN_ABOUT_RETURN_TYPE = YES_ERROR;
				GCC_WARN_UNDECLARED_SELECTOR = YES;
				GCC_WARN_UNINITIALIZED_AUTOS = YES_AGGRESSIVE;
				GCC_WARN_UNUSED_FUNCTION = YES;
				GCC_WARN_UNUSED_VARIABLE = YES;
				IPHONEOS_DEPLOYMENT_TARGET = 14.5;
				MTL_ENABLE_DEBUG_INFO = INCLUDE_SOURCE;
				MTL_FAST_MATH = YES;
				ONLY_ACTIVE_ARCH = YES;
				SDKROOT = iphoneos;
				SWIFT_ACTIVE_COMPILATION_CONDITIONS = DEBUG;
				SWIFT_OPTIMIZATION_LEVEL = "-Onone";
			};
			name = Debug;
		};
		7AE6E58D27C5586500438EB3 /* Release */ = {
			isa = XCBuildConfiguration;
			buildSettings = {
				ALWAYS_SEARCH_USER_PATHS = NO;
				CLANG_ANALYZER_NONNULL = YES;
				CLANG_ANALYZER_NUMBER_OBJECT_CONVERSION = YES_AGGRESSIVE;
				CLANG_CXX_LANGUAGE_STANDARD = "gnu++14";
				CLANG_CXX_LIBRARY = "libc++";
				CLANG_ENABLE_MODULES = YES;
				CLANG_ENABLE_OBJC_ARC = YES;
				CLANG_ENABLE_OBJC_WEAK = YES;
				CLANG_WARN_BLOCK_CAPTURE_AUTORELEASING = YES;
				CLANG_WARN_BOOL_CONVERSION = YES;
				CLANG_WARN_COMMA = YES;
				CLANG_WARN_CONSTANT_CONVERSION = YES;
				CLANG_WARN_DEPRECATED_OBJC_IMPLEMENTATIONS = YES;
				CLANG_WARN_DIRECT_OBJC_ISA_USAGE = YES_ERROR;
				CLANG_WARN_DOCUMENTATION_COMMENTS = YES;
				CLANG_WARN_EMPTY_BODY = YES;
				CLANG_WARN_ENUM_CONVERSION = YES;
				CLANG_WARN_INFINITE_RECURSION = YES;
				CLANG_WARN_INT_CONVERSION = YES;
				CLANG_WARN_NON_LITERAL_NULL_CONVERSION = YES;
				CLANG_WARN_OBJC_IMPLICIT_RETAIN_SELF = YES;
				CLANG_WARN_OBJC_LITERAL_CONVERSION = YES;
				CLANG_WARN_OBJC_ROOT_CLASS = YES_ERROR;
				CLANG_WARN_QUOTED_INCLUDE_IN_FRAMEWORK_HEADER = YES;
				CLANG_WARN_RANGE_LOOP_ANALYSIS = YES;
				CLANG_WARN_STRICT_PROTOTYPES = YES;
				CLANG_WARN_SUSPICIOUS_MOVE = YES;
				CLANG_WARN_UNGUARDED_AVAILABILITY = YES_AGGRESSIVE;
				CLANG_WARN_UNREACHABLE_CODE = YES;
				CLANG_WARN__DUPLICATE_METHOD_MATCH = YES;
				COPY_PHASE_STRIP = NO;
				DEBUG_INFORMATION_FORMAT = "dwarf-with-dsym";
				ENABLE_NS_ASSERTIONS = NO;
				ENABLE_STRICT_OBJC_MSGSEND = YES;
				GCC_C_LANGUAGE_STANDARD = gnu11;
				GCC_NO_COMMON_BLOCKS = YES;
				GCC_WARN_64_TO_32_BIT_CONVERSION = YES;
				GCC_WARN_ABOUT_RETURN_TYPE = YES_ERROR;
				GCC_WARN_UNDECLARED_SELECTOR = YES;
				GCC_WARN_UNINITIALIZED_AUTOS = YES_AGGRESSIVE;
				GCC_WARN_UNUSED_FUNCTION = YES;
				GCC_WARN_UNUSED_VARIABLE = YES;
				IPHONEOS_DEPLOYMENT_TARGET = 14.5;
				MTL_ENABLE_DEBUG_INFO = NO;
				MTL_FAST_MATH = YES;
				SDKROOT = iphoneos;
				SWIFT_COMPILATION_MODE = wholemodule;
				SWIFT_OPTIMIZATION_LEVEL = "-O";
				VALIDATE_PRODUCT = YES;
			};
			name = Release;
		};
		7AE6E58F27C5586500438EB3 /* Debug */ = {
			isa = XCBuildConfiguration;
			baseConfigurationReference = 48C74D8E7988385BB9C39706 /* Pods-TuffyFood.debug.xcconfig */;
			buildSettings = {
				ASSETCATALOG_COMPILER_APPICON_NAME = AppIcon;
				ASSETCATALOG_COMPILER_GLOBAL_ACCENT_COLOR_NAME = AccentColor;
				CODE_SIGN_STYLE = Automatic;
				DEVELOPMENT_TEAM = Y7857SMUZG;
				INFOPLIST_FILE = TuffyFood/Info.plist;
				LD_RUNPATH_SEARCH_PATHS = (
					"$(inherited)",
					"@executable_path/Frameworks",
				);
				PRODUCT_BUNDLE_IDENTIFIER = Group9.TuffyFood;
				PRODUCT_NAME = "$(TARGET_NAME)";
				SWIFT_VERSION = 5.0;
				TARGETED_DEVICE_FAMILY = 1;
			};
			name = Debug;
		};
		7AE6E59027C5586500438EB3 /* Release */ = {
			isa = XCBuildConfiguration;
			baseConfigurationReference = 310EBD7BA2E9ACFA241C5AF0 /* Pods-TuffyFood.release.xcconfig */;
			buildSettings = {
				ASSETCATALOG_COMPILER_APPICON_NAME = AppIcon;
				ASSETCATALOG_COMPILER_GLOBAL_ACCENT_COLOR_NAME = AccentColor;
				CODE_SIGN_STYLE = Automatic;
				DEVELOPMENT_TEAM = Y7857SMUZG;
				INFOPLIST_FILE = TuffyFood/Info.plist;
				LD_RUNPATH_SEARCH_PATHS = (
					"$(inherited)",
					"@executable_path/Frameworks",
				);
				PRODUCT_BUNDLE_IDENTIFIER = Group9.TuffyFood;
				PRODUCT_NAME = "$(TARGET_NAME)";
				SWIFT_VERSION = 5.0;
				TARGETED_DEVICE_FAMILY = 1;
			};
			name = Release;
		};
		7AE6E59227C5586500438EB3 /* Debug */ = {
			isa = XCBuildConfiguration;
			baseConfigurationReference = E45554F4E9D59B25CE8DC69B /* Pods-TuffyFoodTests.debug.xcconfig */;
			buildSettings = {
				ALWAYS_EMBED_SWIFT_STANDARD_LIBRARIES = YES;
				BUNDLE_LOADER = "$(TEST_HOST)";
				CODE_SIGN_STYLE = Automatic;
				INFOPLIST_FILE = TuffyFoodTests/Info.plist;
				IPHONEOS_DEPLOYMENT_TARGET = 14.5;
				LD_RUNPATH_SEARCH_PATHS = (
					"$(inherited)",
					"@executable_path/Frameworks",
					"@loader_path/Frameworks",
				);
				PRODUCT_BUNDLE_IDENTIFIER = Group9.TuffyFoodTests;
				PRODUCT_NAME = "$(TARGET_NAME)";
				SWIFT_VERSION = 5.0;
				TARGETED_DEVICE_FAMILY = "1,2";
				TEST_HOST = "$(BUILT_PRODUCTS_DIR)/TuffyFood.app/TuffyFood";
			};
			name = Debug;
		};
		7AE6E59327C5586500438EB3 /* Release */ = {
			isa = XCBuildConfiguration;
			baseConfigurationReference = 383379B9C0129430614361CB /* Pods-TuffyFoodTests.release.xcconfig */;
			buildSettings = {
				ALWAYS_EMBED_SWIFT_STANDARD_LIBRARIES = YES;
				BUNDLE_LOADER = "$(TEST_HOST)";
				CODE_SIGN_STYLE = Automatic;
				INFOPLIST_FILE = TuffyFoodTests/Info.plist;
				IPHONEOS_DEPLOYMENT_TARGET = 14.5;
				LD_RUNPATH_SEARCH_PATHS = (
					"$(inherited)",
					"@executable_path/Frameworks",
					"@loader_path/Frameworks",
				);
				PRODUCT_BUNDLE_IDENTIFIER = Group9.TuffyFoodTests;
				PRODUCT_NAME = "$(TARGET_NAME)";
				SWIFT_VERSION = 5.0;
				TARGETED_DEVICE_FAMILY = "1,2";
				TEST_HOST = "$(BUILT_PRODUCTS_DIR)/TuffyFood.app/TuffyFood";
			};
			name = Release;
		};
		7AE6E59527C5586500438EB3 /* Debug */ = {
			isa = XCBuildConfiguration;
			baseConfigurationReference = 9E637C27551529DD881D154E /* Pods-TuffyFood-TuffyFoodUITests.debug.xcconfig */;
			buildSettings = {
				ALWAYS_EMBED_SWIFT_STANDARD_LIBRARIES = YES;
				CODE_SIGN_STYLE = Automatic;
				INFOPLIST_FILE = TuffyFoodUITests/Info.plist;
				LD_RUNPATH_SEARCH_PATHS = (
					"$(inherited)",
					"@executable_path/Frameworks",
					"@loader_path/Frameworks",
				);
				PRODUCT_BUNDLE_IDENTIFIER = Group9.TuffyFoodUITests;
				PRODUCT_NAME = "$(TARGET_NAME)";
				SWIFT_VERSION = 5.0;
				TARGETED_DEVICE_FAMILY = "1,2";
				TEST_TARGET_NAME = TuffyFood;
			};
			name = Debug;
		};
		7AE6E59627C5586500438EB3 /* Release */ = {
			isa = XCBuildConfiguration;
			baseConfigurationReference = 3FBC5DA127024A21C50533AA /* Pods-TuffyFood-TuffyFoodUITests.release.xcconfig */;
			buildSettings = {
				ALWAYS_EMBED_SWIFT_STANDARD_LIBRARIES = YES;
				CODE_SIGN_STYLE = Automatic;
				INFOPLIST_FILE = TuffyFoodUITests/Info.plist;
				LD_RUNPATH_SEARCH_PATHS = (
					"$(inherited)",
					"@executable_path/Frameworks",
					"@loader_path/Frameworks",
				);
				PRODUCT_BUNDLE_IDENTIFIER = Group9.TuffyFoodUITests;
				PRODUCT_NAME = "$(TARGET_NAME)";
				SWIFT_VERSION = 5.0;
				TARGETED_DEVICE_FAMILY = "1,2";
				TEST_TARGET_NAME = TuffyFood;
			};
			name = Release;
		};
/* End XCBuildConfiguration section */

/* Begin XCConfigurationList section */
		7AE6E55F27C5586200438EB3 /* Build configuration list for PBXProject "TuffyFood" */ = {
			isa = XCConfigurationList;
			buildConfigurations = (
				7AE6E58C27C5586500438EB3 /* Debug */,
				7AE6E58D27C5586500438EB3 /* Release */,
			);
			defaultConfigurationIsVisible = 0;
			defaultConfigurationName = Release;
		};
		7AE6E58E27C5586500438EB3 /* Build configuration list for PBXNativeTarget "TuffyFood" */ = {
			isa = XCConfigurationList;
			buildConfigurations = (
				7AE6E58F27C5586500438EB3 /* Debug */,
				7AE6E59027C5586500438EB3 /* Release */,
			);
			defaultConfigurationIsVisible = 0;
			defaultConfigurationName = Release;
		};
		7AE6E59127C5586500438EB3 /* Build configuration list for PBXNativeTarget "TuffyFoodTests" */ = {
			isa = XCConfigurationList;
			buildConfigurations = (
				7AE6E59227C5586500438EB3 /* Debug */,
				7AE6E59327C5586500438EB3 /* Release */,
			);
			defaultConfigurationIsVisible = 0;
			defaultConfigurationName = Release;
		};
		7AE6E59427C5586500438EB3 /* Build configuration list for PBXNativeTarget "TuffyFoodUITests" */ = {
			isa = XCConfigurationList;
			buildConfigurations = (
				7AE6E59527C5586500438EB3 /* Debug */,
				7AE6E59627C5586500438EB3 /* Release */,
			);
			defaultConfigurationIsVisible = 0;
			defaultConfigurationName = Release;
		};
/* End XCConfigurationList section */
	};
	rootObject = 7AE6E55C27C5586200438EB3 /* Project object */;
}
